{
    "name": "task",
    "version": "1.0.0",
    "lockfileVersion": 3,
    "requires": true,
    "packages": {
        "": {
            "name": "task",
            "version": "1.0.0",
            "license": "ISC",
            "dependencies": {
                "esri-dump": "^4.3.1"
            }
        },
        "node_modules/@openaddresses/batch-error": {
            "version": "2.2.0",
            "resolved": "https://registry.npmjs.org/@openaddresses/batch-error/-/batch-error-2.2.0.tgz",
            "integrity": "sha512-q42rQRGG2X9jPxjTAzzJ2UUAV57GXBt7n7EzwVmsMmEy9oa34TAD58dGTnB4M6gD78fuhL5ZInEPzMN6LvfbHw==",
            "engines": {
                "node": ">= 18"
            }
        },
        "node_modules/@types/body-parser": {
            "version": "1.19.2",
            "resolved": "https://registry.npmjs.org/@types/body-parser/-/body-parser-1.19.2.tgz",
            "integrity": "sha512-ALYone6pm6QmwZoAgeyNksccT9Q4AWZQ6PvfwR37GT6r6FWUPguq6sUmNGSMV2Wr761oQoBxwGGa6DR5o1DC9g==",
            "dependencies": {
                "@types/connect": "*",
                "@types/node": "*"
            }
        },
        "node_modules/@types/connect": {
            "version": "3.4.36",
            "resolved": "https://registry.npmjs.org/@types/connect/-/connect-3.4.36.tgz",
            "integrity": "sha512-P63Zd/JUGq+PdrM1lv0Wv5SBYeA2+CORvbrXbngriYY0jzLUWfQMQQxOhjONEz/wlHOAxOdY7CY65rgQdTjq2w==",
            "dependencies": {
                "@types/node": "*"
            }
        },
        "node_modules/@types/express": {
            "version": "4.17.17",
            "resolved": "https://registry.npmjs.org/@types/express/-/express-4.17.17.tgz",
            "integrity": "sha512-Q4FmmuLGBG58btUnfS1c1r/NQdlp3DMfGDGig8WhfpA2YRUtEkxAjkZb0yvplJGYdF1fsQ81iMDcH24sSCNC/Q==",
            "dependencies": {
                "@types/body-parser": "*",
                "@types/express-serve-static-core": "^4.17.33",
                "@types/qs": "*",
                "@types/serve-static": "*"
            }
        },
        "node_modules/@types/express-serve-static-core": {
            "version": "4.17.36",
            "resolved": "https://registry.npmjs.org/@types/express-serve-static-core/-/express-serve-static-core-4.17.36.tgz",
            "integrity": "sha512-zbivROJ0ZqLAtMzgzIUC4oNqDG9iF0lSsAqpOD9kbs5xcIM3dTiyuHvBc7R8MtWBp3AAWGaovJa+wzWPjLYW7Q==",
            "dependencies": {
                "@types/node": "*",
                "@types/qs": "*",
                "@types/range-parser": "*",
                "@types/send": "*"
            }
        },
        "node_modules/@types/http-errors": {
            "version": "2.0.1",
            "resolved": "https://registry.npmjs.org/@types/http-errors/-/http-errors-2.0.1.tgz",
            "integrity": "sha512-/K3ds8TRAfBvi5vfjuz8y6+GiAYBZ0x4tXv1Av6CWBWn0IlADc+ZX9pMq7oU0fNQPnBwIZl3rmeLp6SBApbxSQ=="
        },
        "node_modules/@types/json-schema": {
            "version": "7.0.12",
            "resolved": "https://registry.npmjs.org/@types/json-schema/-/json-schema-7.0.12.tgz",
            "integrity": "sha512-Hr5Jfhc9eYOQNPYO5WLDq/n4jqijdHNlDXjuAQkkt+mWdQR+XJToOHrsD4cPaMXpn6KO7y2+wM8AZEs8VpBLVA=="
        },
        "node_modules/@types/mime": {
            "version": "1.3.2",
            "resolved": "https://registry.npmjs.org/@types/mime/-/mime-1.3.2.tgz",
            "integrity": "sha512-YATxVxgRqNH6nHEIsvg6k2Boc1JHI9ZbH5iWFFv/MTkchz3b1ieGDa5T0a9RznNdI0KhVbdbWSN+KWWrQZRxTw=="
        },
        "node_modules/@types/node": {
            "version": "20.5.9",
            "resolved": "https://registry.npmjs.org/@types/node/-/node-20.5.9.tgz",
            "integrity": "sha512-PcGNd//40kHAS3sTlzKB9C9XL4K0sTup8nbG5lC14kzEteTNuAFh9u5nA0o5TWnSG2r/JNPRXFVcHJIIeRlmqQ=="
        },
        "node_modules/@types/qs": {
            "version": "6.9.8",
            "resolved": "https://registry.npmjs.org/@types/qs/-/qs-6.9.8.tgz",
            "integrity": "sha512-u95svzDlTysU5xecFNTgfFG5RUWu1A9P0VzgpcIiGZA9iraHOdSzcxMxQ55DyeRaGCSxQi7LxXDI4rzq/MYfdg=="
        },
        "node_modules/@types/range-parser": {
            "version": "1.2.4",
            "resolved": "https://registry.npmjs.org/@types/range-parser/-/range-parser-1.2.4.tgz",
            "integrity": "sha512-EEhsLsD6UsDM1yFhAvy0Cjr6VwmpMWqFBCb9w07wVugF7w9nfajxLuVmngTIpgS6svCnm6Vaw+MZhoDCKnOfsw=="
        },
        "node_modules/@types/send": {
            "version": "0.17.1",
            "resolved": "https://registry.npmjs.org/@types/send/-/send-0.17.1.tgz",
            "integrity": "sha512-Cwo8LE/0rnvX7kIIa3QHCkcuF21c05Ayb0ZfxPiv0W8VRiZiNW/WuRupHKpqqGVGf7SUA44QSOUKaEd9lIrd/Q==",
            "dependencies": {
                "@types/mime": "^1",
                "@types/node": "*"
            }
        },
        "node_modules/@types/serve-static": {
            "version": "1.15.2",
            "resolved": "https://registry.npmjs.org/@types/serve-static/-/serve-static-1.15.2.tgz",
            "integrity": "sha512-J2LqtvFYCzaj8pVYKw8klQXrLLk7TBZmQ4ShlcdkELFKGwGMfevMLneMMRkMgZxotOD9wg497LpC7O8PcvAmfw==",
            "dependencies": {
                "@types/http-errors": "*",
                "@types/mime": "*",
                "@types/node": "*"
            }
        },
        "node_modules/esri-dump": {
            "version": "4.3.1",
            "resolved": "https://registry.npmjs.org/esri-dump/-/esri-dump-4.3.1.tgz",
            "integrity": "sha512-ZZNF6LPd1jRIX+VilHjIMpNghcRU1ftsbAOest/J/YT1/Wq1uMFgHQ5NnKl4QXbo/2iaibVAI/fY75dmjk6OaA==",
            "dependencies": {
                "@openaddresses/batch-error": "^2.2.0",
                "@types/express": "^4.17.17",
                "@types/json-schema": "^7.0.12",
                "minimist": "^1.2.8"
            },
            "bin": {
                "esri-dump": "dist/cli.js"
            },
            "engines": {
                "node": ">=18"
            }
        },
        "node_modules/minimist": {
            "version": "1.2.8",
            "resolved": "https://registry.npmjs.org/minimist/-/minimist-1.2.8.tgz",
            "integrity": "sha512-2yyAR8qBkN3YuheJanUpWC5U3bb5osDywNB8RzDVlDwDHbocAJveqqj1u8+SVD7jkWT4yvsHCpWqqWqAxb0zCA==",
            "funding": {
                "url": "https://github.com/sponsors/ljharb"
            }
        }
    }
}
